
Microsoft Visual Studio Solution File, Format Version 12.00
# Visual Studio 15
VisualStudioVersion = 15.0.28307.329
MinimumVisualStudioVersion = 10.0.40219.1
Project("{9A19103F-16F7-4668-BE54-9A1E7A4F7556}") = "S3ZipContent", "S3ZipContent\S3ZipContent.csproj", "{C9E1A230-4B19-4EC8-A901-4AC4E1CC2FD7}"
EndProject
Project("{FAE04EC0-301F-11D3-BF4B-00C04F79EFBC}") = "S3ZipContentTest", "S3ZipContentTest\S3ZipContentTest.csproj", "{DDFE07D2-3AEE-47E0-B468-FF0A56B58224}"
EndProject
Global
	GlobalSection(SolutionConfigurationPlatforms) = preSolution
		Debug|Any CPU = Debug|Any CPU
		Release|Any CPU = Release|Any CPU
	EndGlobalSection
	GlobalSection(ProjectConfigurationPlatforms) = postSolution
		{C9E1A230-4B19-4EC8-A901-4AC4E1CC2FD7}.Debug|Any CPU.ActiveCfg = Debug|Any CPU
		{C9E1A230-4B19-4EC8-A901-4AC4E1CC2FD7}.Debug|Any CPU.Build.0 = Debug|Any CPU
		{C9E1A230-4B19-4EC8-A901-4AC4E1CC2FD7}.Release|Any CPU.ActiveCfg = Release|Any CPU
		{C9E1A230-4B19-4EC8-A901-4AC4E1CC2FD7}.Release|Any CPU.Build.0 = Release|Any CPU
		{DDFE07D2-3AEE-47E0-B468-FF0A56B58224}.Debug|Any CPU.ActiveCfg = Debug|Any CPU
		{DDFE07D2-3AEE-47E0-B468-FF0A56B58224}.Debug|Any CPU.Build.0 = Debug|Any CPU
		{DDFE07D2-3AEE-47E0-B468-FF0A56B58224}.Release|Any CPU.ActiveCfg = Release|Any CPU
		{DDFE07D2-3AEE-47E0-B468-FF0A56B58224}.Release|Any CPU.Build.0 = Release|Any CPU
	EndGlobalSection
	GlobalSection(SolutionProperties) = preSolution
		HideSolutionNode = FALSE
	EndGlobalSection
	GlobalSection(ExtensibilityGlobals) = postSolution
		SolutionGuid = {5BCB0072-CD6C-498A-9733-FC7C894EB0B1}
	EndGlobalSection
EndGlobal
